// !$*UTF8*$!
{
	archiveVersion = 1;
	classes = {
	};
	objectVersion = 50;
	objects = {

/* Begin PBXBuildFile section */
		FBD22FBB21898B2900BCBF9D /* GLIMSTIC.TTF in Resources */ = {isa = PBXBuildFile; fileRef = FBD22FBA21898B2900BCBF9D /* GLIMSTIC.TTF */; };
		FBDE2F22218755A5006628D5 /* MyUtils.swift in Sources */ = {isa = PBXBuildFile; fileRef = FBDE2F21218755A5006628D5 /* MyUtils.swift */; };
		FBDE2F292188629A006628D5 /* win.wav in Resources */ = {isa = PBXBuildFile; fileRef = FBDE2F242188629A006628D5 /* win.wav */; };
		FBDE2F2A2188629A006628D5 /* lose.wav in Resources */ = {isa = PBXBuildFile; fileRef = FBDE2F252188629A006628D5 /* lose.wav */; };
		FBDE2F2B2188629A006628D5 /* hitCat.wav in Resources */ = {isa = PBXBuildFile; fileRef = FBDE2F262188629A006628D5 /* hitCat.wav */; };
		FBDE2F2C2188629A006628D5 /* hitCatLady.wav in Resources */ = {isa = PBXBuildFile; fileRef = FBDE2F272188629A006628D5 /* hitCatLady.wav */; };
		FBDE2F2D2188629A006628D5 /* backgroundMusic.mp3 in Resources */ = {isa = PBXBuildFile; fileRef = FBDE2F282188629A006628D5 /* backgroundMusic.mp3 */; };
		FBDE2F2F2188BD4F006628D5 /* GameOverScene.swift in Sources */ = {isa = PBXBuildFile; fileRef = FBDE2F2E2188BD4F006628D5 /* GameOverScene.swift */; };
		FBDE2F31218930C3006628D5 /* MainMenuScene.swift in Sources */ = {isa = PBXBuildFile; fileRef = FBDE2F30218930C3006628D5 /* MainMenuScene.swift */; };
		FBE224F62185CC49003D35B7 /* AppDelegate.swift in Sources */ = {isa = PBXBuildFile; fileRef = FBE224F52185CC49003D35B7 /* AppDelegate.swift */; };
		FBE224FC2185CC49003D35B7 /* GameScene.swift in Sources */ = {isa = PBXBuildFile; fileRef = FBE224FB2185CC49003D35B7 /* GameScene.swift */; };
		FBE224FE2185CC49003D35B7 /* GameViewController.swift in Sources */ = {isa = PBXBuildFile; fileRef = FBE224FD2185CC49003D35B7 /* GameViewController.swift */; };
		FBE225012185CC49003D35B7 /* Main.storyboard in Resources */ = {isa = PBXBuildFile; fileRef = FBE224FF2185CC49003D35B7 /* Main.storyboard */; };
		FBE225032185CC4A003D35B7 /* Assets.xcassets in Resources */ = {isa = PBXBuildFile; fileRef = FBE225022185CC4A003D35B7 /* Assets.xcassets */; };
		FBE225062185CC4A003D35B7 /* LaunchScreen.storyboard in Resources */ = {isa = PBXBuildFile; fileRef = FBE225042185CC4A003D35B7 /* LaunchScreen.storyboard */; };
/* End PBXBuildFile section */

/* Begin PBXFileReference section */
		FBD22FBA21898B2900BCBF9D /* GLIMSTIC.TTF */ = {isa = PBXFileReference; lastKnownFileType = file; path = GLIMSTIC.TTF; sourceTree = "<group>"; };
		FBDE2F21218755A5006628D5 /* MyUtils.swift */ = {isa = PBXFileReference; lastKnownFileType = sourcecode.swift; path = MyUtils.swift; sourceTree = "<group>"; };
		FBDE2F242188629A006628D5 /* win.wav */ = {isa = PBXFileReference; lastKnownFileType = audio.wav; path = win.wav; sourceTree = "<group>"; };
		FBDE2F252188629A006628D5 /* lose.wav */ = {isa = PBXFileReference; lastKnownFileType = audio.wav; path = lose.wav; sourceTree = "<group>"; };
		FBDE2F262188629A006628D5 /* hitCat.wav */ = {isa = PBXFileReference; lastKnownFileType = audio.wav; path = hitCat.wav; sourceTree = "<group>"; };
		FBDE2F272188629A006628D5 /* hitCatLady.wav */ = {isa = PBXFileReference; lastKnownFileType = audio.wav; path = hitCatLady.wav; sourceTree = "<group>"; };
		FBDE2F282188629A006628D5 /* backgroundMusic.mp3 */ = {isa = PBXFileReference; lastKnownFileType = audio.mp3; path = backgroundMusic.mp3; sourceTree = "<group>"; };
		FBDE2F2E2188BD4F006628D5 /* GameOverScene.swift */ = {isa = PBXFileReference; lastKnownFileType = sourcecode.swift; path = GameOverScene.swift; sourceTree = "<group>"; };
		FBDE2F30218930C3006628D5 /* MainMenuScene.swift */ = {isa = PBXFileReference; lastKnownFileType = sourcecode.swift; path = MainMenuScene.swift; sourceTree = "<group>"; };
		FBE224F22185CC49003D35B7 /* ZombieConga.app */ = {isa = PBXFileReference; explicitFileType = wrapper.application; includeInIndex = 0; path = ZombieConga.app; sourceTree = BUILT_PRODUCTS_DIR; };
		FBE224F52185CC49003D35B7 /* AppDelegate.swift */ = {isa = PBXFileReference; lastKnownFileType = sourcecode.swift; path = AppDelegate.swift; sourceTree = "<group>"; };
		FBE224FB2185CC49003D35B7 /* GameScene.swift */ = {isa = PBXFileReference; lastKnownFileType = sourcecode.swift; path = GameScene.swift; sourceTree = "<group>"; };
		FBE224FD2185CC49003D35B7 /* GameViewController.swift */ = {isa = PBXFileReference; lastKnownFileType = sourcecode.swift; path = GameViewController.swift; sourceTree = "<group>"; };
		FBE225002185CC49003D35B7 /* Base */ = {isa = PBXFileReference; lastKnownFileType = file.storyboard; name = Base; path = Base.lproj/Main.storyboard; sourceTree = "<group>"; };
		FBE225022185CC4A003D35B7 /* Assets.xcassets */ = {isa = PBXFileReference; lastKnownFileType = folder.assetcatalog; path = Assets.xcassets; sourceTree = "<group>"; };
		FBE225052185CC4A003D35B7 /* Base */ = {isa = PBXFileReference; lastKnownFileType = file.storyboard; name = Base; path = Base.lproj/LaunchScreen.storyboard; sourceTree = "<group>"; };
		FBE225072185CC4A003D35B7 /* Info.plist */ = {isa = PBXFileReference; lastKnownFileType = text.plist.xml; path = Info.plist; sourceTree = "<group>"; };
/* End PBXFileReference section */

/* Begin PBXFrameworksBuildPhase section */
		FBE224EF2185CC49003D35B7 /* Frameworks */ = {
			isa = PBXFrameworksBuildPhase;
			buildActionMask = 2147483647;
			files = (
			);
			runOnlyForDeploymentPostprocessing = 0;
		};
/* End PBXFrameworksBuildPhase section */

/* Begin PBXGroup section */
		FBD22FB921898AFB00BCBF9D /* Resources */ = {
			isa = PBXGroup;
			children = (
				FBDE2F232188629A006628D5 /* Sounds */,
				FBD22FBA21898B2900BCBF9D /* GLIMSTIC.TTF */,
				FBE225022185CC4A003D35B7 /* Assets.xcassets */,
				FBE224FF2185CC49003D35B7 /* Main.storyboard */,
				FBE225042185CC4A003D35B7 /* LaunchScreen.storyboard */,
				FBE225072185CC4A003D35B7 /* Info.plist */,
			);
			path = Resources;
			sourceTree = "<group>";
		};
		FBDE2F232188629A006628D5 /* Sounds */ = {
			isa = PBXGroup;
			children = (
				FBDE2F242188629A006628D5 /* win.wav */,
				FBDE2F252188629A006628D5 /* lose.wav */,
				FBDE2F262188629A006628D5 /* hitCat.wav */,
				FBDE2F272188629A006628D5 /* hitCatLady.wav */,
				FBDE2F282188629A006628D5 /* backgroundMusic.mp3 */,
			);
			path = Sounds;
			sourceTree = "<group>";
		};
		FBE224E92185CC49003D35B7 = {
			isa = PBXGroup;
			children = (
				FBE224F42185CC49003D35B7 /* ZombieConga */,
				FBE224F32185CC49003D35B7 /* Products */,
			);
			sourceTree = "<group>";
		};
		FBE224F32185CC49003D35B7 /* Products */ = {
			isa = PBXGroup;
			children = (
				FBE224F22185CC49003D35B7 /* ZombieConga.app */,
			);
			name = Products;
			sourceTree = "<group>";
		};
		FBE224F42185CC49003D35B7 /* ZombieConga */ = {
			isa = PBXGroup;
			children = (
				FBE224F52185CC49003D35B7 /* AppDelegate.swift */,
				FBE224FB2185CC49003D35B7 /* GameScene.swift */,
				FBDE2F30218930C3006628D5 /* MainMenuScene.swift */,
				FBDE2F2E2188BD4F006628D5 /* GameOverScene.swift */,
				FBDE2F21218755A5006628D5 /* MyUtils.swift */,
				FBE224FD2185CC49003D35B7 /* GameViewController.swift */,
				FBD22FB921898AFB00BCBF9D /* Resources */,
			);
			path = ZombieConga;
			sourceTree = "<group>";
		};
/* End PBXGroup section */

/* Begin PBXNativeTarget section */
		FBE224F12185CC49003D35B7 /* ZombieConga */ = {
			isa = PBXNativeTarget;
			buildConfigurationList = FBE2250A2185CC4A003D35B7 /* Build configuration list for PBXNativeTarget "ZombieConga" */;
			buildPhases = (
				FBE224EE2185CC49003D35B7 /* Sources */,
				FBE224EF2185CC49003D35B7 /* Frameworks */,
				FBE224F02185CC49003D35B7 /* Resources */,
			);
			buildRules = (
			);
			dependencies = (
			);
			name = ZombieConga;
			productName = ZombieConga;
			productReference = FBE224F22185CC49003D35B7 /* ZombieConga.app */;
			productType = "com.apple.product-type.application";
		};
/* End PBXNativeTarget section */

/* Begin PBXProject section */
		FBE224EA2185CC49003D35B7 /* Project object */ = {
			isa = PBXProject;
			attributes = {
				LastSwiftUpdateCheck = 1000;
				LastUpgradeCheck = 1000;
				ORGANIZATIONNAME = hotch;
				TargetAttributes = {
					FBE224F12185CC49003D35B7 = {
						CreatedOnToolsVersion = 10.0;
					};
				};
			};
			buildConfigurationList = FBE224ED2185CC49003D35B7 /* Build configuration list for PBXProject "ZombieConga" */;
			compatibilityVersion = "Xcode 9.3";
			developmentRegion = en;
			hasScannedForEncodings = 0;
			knownRegions = (
				en,
				Base,
			);
			mainGroup = FBE224E92185CC49003D35B7;
			productRefGroup = FBE224F32185CC49003D35B7 /* Products */;
			projectDirPath = "";
			projectRoot = "";
			targets = (
				FBE224F12185CC49003D35B7 /* ZombieConga */,
			);
		};
/* End PBXProject section */

/* Begin PBXResourcesBuildPhase section */
		FBE224F02185CC49003D35B7 /* Resources */ = {
			isa = PBXResourcesBuildPhase;
			buildActionMask = 2147483647;
			files = (
				FBD22FBB21898B2900BCBF9D /* GLIMSTIC.TTF in Resources */,
				FBDE2F2A2188629A006628D5 /* lose.wav in Resources */,
				FBE225012185CC49003D35B7 /* Main.storyboard in Resources */,
				FBDE2F2D2188629A006628D5 /* backgroundMusic.mp3 in Resources */,
				FBDE2F292188629A006628D5 /* win.wav in Resources */,
				FBDE2F2B2188629A006628D5 /* hitCat.wav in Resources */,
				FBE225032185CC4A003D35B7 /* Assets.xcassets in Resources */,
				FBDE2F2C2188629A006628D5 /* hitCatLady.wav in Resources */,
				FBE225062185CC4A003D35B7 /* LaunchScreen.storyboard in Resources */,
			);
			runOnlyForDeploymentPostprocessing = 0;
		};
/* End PBXResourcesBuildPhase section */

/* Begin PBXSourcesBuildPhase section */
		FBE224EE2185CC49003D35B7 /* Sources */ = {
			isa = PBXSourcesBuildPhase;
			buildActionMask = 2147483647;
			files = (
				FBDE2F31218930C3006628D5 /* MainMenuScene.swift in Sources */,
				FBDE2F2F2188BD4F006628D5 /* GameOverScene.swift in Sources */,
				FBE224FC2185CC49003D35B7 /* GameScene.swift in Sources */,
				FBE224FE2185CC49003D35B7 /* GameViewController.swift in Sources */,
				FBE224F62185CC49003D35B7 /* AppDelegate.swift in Sources */,
				FBDE2F22218755A5006628D5 /* MyUtils.swift in Sources */,
			);
			runOnlyForDeploymentPostprocessing = 0;
		};
/* End PBXSourcesBuildPhase section */

/* Begin PBXVariantGroup section */
		FBE224FF2185CC49003D35B7 /* Main.storyboard */ = {
			isa = PBXVariantGroup;
			children = (
				FBE225002185CC49003D35B7 /* Base */,
			);
			name = Main.storyboard;
			sourceTree = "<group>";
		};
		FBE225042185CC4A003D35B7 /* LaunchScreen.storyboard */ = {
			isa = PBXVariantGroup;
			children = (
				FBE225052185CC4A003D35B7 /* Base */,
			);
			name = LaunchScreen.storyboard;
			sourceTree = "<group>";
		};
/* End PBXVariantGroup section */

/* Begin XCBuildConfiguration section */
		FBE225082185CC4A003D35B7 /* Debug */ = {
			isa = XCBuildConfiguration;
			buildSettings = {
				ALWAYS_SEARCH_USER_PATHS = NO;
				CLANG_ANALYZER_NONNULL = YES;
				CLANG_ANALYZER_NUMBER_OBJECT_CONVERSION = YES_AGGRESSIVE;
				CLANG_CXX_LANGUAGE_STANDARD = "gnu++14";
				CLANG_CXX_LIBRARY = "libc++";
				CLANG_ENABLE_MODULES = YES;
				CLANG_ENABLE_OBJC_ARC = YES;
				CLANG_ENABLE_OBJC_WEAK = YES;
				CLANG_WARN_BLOCK_CAPTURE_AUTORELEASING = YES;
				CLANG_WARN_BOOL_CONVERSION = YES;
				CLANG_WARN_COMMA = YES;
				CLANG_WARN_CONSTANT_CONVERSION = YES;
				CLANG_WARN_DEPRECATED_OBJC_IMPLEMENTATIONS = YES;
				CLANG_WARN_DIRECT_OBJC_ISA_USAGE = YES_ERROR;
				CLANG_WARN_DOCUMENTATION_COMMENTS = YES;
				CLANG_WARN_EMPTY_BODY = YES;
				CLANG_WARN_ENUM_CONVERSION = YES;
				CLANG_WARN_INFINITE_RECURSION = YES;
				CLANG_WARN_INT_CONVERSION = YES;
				CLANG_WARN_NON_LITERAL_NULL_CONVERSION = YES;
				CLANG_WARN_OBJC_IMPLICIT_RETAIN_SELF = YES;
				CLANG_WARN_OBJC_LITERAL_CONVERSION = YES;
				CLANG_WARN_OBJC_ROOT_CLASS = YES_ERROR;
				CLANG_WARN_RANGE_LOOP_ANALYSIS = YES;
				CLANG_WARN_STRICT_PROTOTYPES = YES;
				CLANG_WARN_SUSPICIOUS_MOVE = YES;
				CLANG_WARN_UNGUARDED_AVAILABILITY = YES_AGGRESSIVE;
				CLANG_WARN_UNREACHABLE_CODE = YES;
				CLANG_WARN__DUPLICATE_METHOD_MATCH = YES;
				CODE_SIGN_IDENTITY = "iPhone Developer";
				COPY_PHASE_STRIP = NO;
				DEBUG_INFORMATION_FORMAT = dwarf;
				ENABLE_STRICT_OBJC_MSGSEND = YES;
				ENABLE_TESTABILITY = YES;
				GCC_C_LANGUAGE_STANDARD = gnu11;
				GCC_DYNAMIC_NO_PIC = NO;
				GCC_NO_COMMON_BLOCKS = YES;
				GCC_OPTIMIZATION_LEVEL = 0;
				GCC_PREPROCESSOR_DEFINITIONS = (
					"DEBUG=1",
					"$(inherited)",
				);
				GCC_WARN_64_TO_32_BIT_CONVERSION = YES;
				GCC_WARN_ABOUT_RETURN_TYPE = YES_ERROR;
				GCC_WARN_UNDECLARED_SELECTOR = YES;
				GCC_WARN_UNINITIALIZED_AUTOS = YES_AGGRESSIVE;
				GCC_WARN_UNUSED_FUNCTION = YES;
				GCC_WARN_UNUSED_VARIABLE = YES;
				IPHONEOS_DEPLOYMENT_TARGET = 12.0;
				MTL_ENABLE_DEBUG_INFO = INCLUDE_SOURCE;
				MTL_FAST_MATH = YES;
				ONLY_ACTIVE_ARCH = YES;
				SDKROOT = iphoneos;
				SWIFT_ACTIVE_COMPILATION_CONDITIONS = DEBUG;
				SWIFT_OPTIMIZATION_LEVEL = "-Onone";
			};
			name = Debug;
		};
		FBE225092185CC4A003D35B7 /* Release */ = {
			isa = XCBuildConfiguration;
			buildSettings = {
				ALWAYS_SEARCH_USER_PATHS = NO;
				CLANG_ANALYZER_NONNULL = YES;
				CLANG_ANALYZER_NUMBER_OBJECT_CONVERSION = YES_AGGRESSIVE;
				CLANG_CXX_LANGUAGE_STANDARD = "gnu++14";
				CLANG_CXX_LIBRARY = "libc++";
				CLANG_ENABLE_MODULES = YES;
				CLANG_ENABLE_OBJC_ARC = YES;
				CLANG_ENABLE_OBJC_WEAK = YES;
				CLANG_WARN_BLOCK_CAPTURE_AUTORELEASING = YES;
				CLANG_WARN_BOOL_CONVERSION = YES;
				CLANG_WARN_COMMA = YES;
				CLANG_WARN_CONSTANT_CONVERSION = YES;
				CLANG_WARN_DEPRECATED_OBJC_IMPLEMENTATIONS = YES;
				CLANG_WARN_DIRECT_OBJC_ISA_USAGE = YES_ERROR;
				CLANG_WARN_DOCUMENTATION_COMMENTS = YES;
				CLANG_WARN_EMPTY_BODY = YES;
				CLANG_WARN_ENUM_CONVERSION = YES;
				CLANG_WARN_INFINITE_RECURSION = YES;
				CLANG_WARN_INT_CONVERSION = YES;
				CLANG_WARN_NON_LITERAL_NULL_CONVERSION = YES;
				CLANG_WARN_OBJC_IMPLICIT_RETAIN_SELF = YES;
				CLANG_WARN_OBJC_LITERAL_CONVERSION = YES;
				CLANG_WARN_OBJC_ROOT_CLASS = YES_ERROR;
				CLANG_WARN_RANGE_LOOP_ANALYSIS = YES;
				CLANG_WARN_STRICT_PROTOTYPES = YES;
				CLANG_WARN_SUSPICIOUS_MOVE = YES;
				CLANG_WARN_UNGUARDED_AVAILABILITY = YES_AGGRESSIVE;
				CLANG_WARN_UNREACHABLE_CODE = YES;
				CLANG_WARN__DUPLICATE_METHOD_MATCH = YES;
				CODE_SIGN_IDENTITY = "iPhone Developer";
				COPY_PHASE_STRIP = NO;
				DEBUG_INFORMATION_FORMAT = "dwarf-with-dsym";
				ENABLE_NS_ASSERTIONS = NO;
				ENABLE_STRICT_OBJC_MSGSEND = YES;
				GCC_C_LANGUAGE_STANDARD = gnu11;
				GCC_NO_COMMON_BLOCKS = YES;
				GCC_WARN_64_TO_32_BIT_CONVERSION = YES;
				GCC_WARN_ABOUT_RETURN_TYPE = YES_ERROR;
				GCC_WARN_UNDECLARED_SELECTOR = YES;
				GCC_WARN_UNINITIALIZED_AUTOS = YES_AGGRESSIVE;
				GCC_WARN_UNUSED_FUNCTION = YES;
				GCC_WARN_UNUSED_VARIABLE = YES;
				IPHONEOS_DEPLOYMENT_TARGET = 12.0;
				MTL_ENABLE_DEBUG_INFO = NO;
				MTL_FAST_MATH = YES;
				SDKROOT = iphoneos;
				SWIFT_COMPILATION_MODE = wholemodule;
				SWIFT_OPTIMIZATION_LEVEL = "-O";
				VALIDATE_PRODUCT = YES;
			};
			name = Release;
		};
		FBE2250B2185CC4A003D35B7 /* Debug */ = {
			isa = XCBuildConfiguration;
			buildSettings = {
				ASSETCATALOG_COMPILER_APPICON_NAME = AppIcon;
				CODE_SIGN_STYLE = Automatic;
				DEVELOPMENT_TEAM = E3LTYMETT9;
				INFOPLIST_FILE = ZombieConga/Info.plist;
				LD_RUNPATH_SEARCH_PATHS = (
					"$(inherited)",
					"@executable_path/Frameworks",
				);
				PRODUCT_BUNDLE_IDENTIFIER = tk.hotch.ZombieConga;
				PRODUCT_NAME = "$(TARGET_NAME)";
				SWIFT_VERSION = 4.2;
				TARGETED_DEVICE_FAMILY = "1,2";
			};
			name = Debug;
		};
		FBE2250C2185CC4A003D35B7 /* Release */ = {
			isa = XCBuildConfiguration;
			buildSettings = {
				ASSETCATALOG_COMPILER_APPICON_NAME = AppIcon;
				CODE_SIGN_STYLE = Automatic;
				DEVELOPMENT_TEAM = E3LTYMETT9;
				INFOPLIST_FILE = ZombieConga/Info.plist;
				LD_RUNPATH_SEARCH_PATHS = (
					"$(inherited)",
					"@executable_path/Frameworks",
				);
				PRODUCT_BUNDLE_IDENTIFIER = tk.hotch.ZombieConga;
				PRODUCT_NAME = "$(TARGET_NAME)";
				SWIFT_VERSION = 4.2;
				TARGETED_DEVICE_FAMILY = "1,2";
			};
			name = Release;
		};
/* End XCBuildConfiguration section */

/* Begin XCConfigurationList section */
		FBE224ED2185CC49003D35B7 /* Build configuration list for PBXProject "ZombieConga" */ = {
			isa = XCConfigurationList;
			buildConfigurations = (
				FBE225082185CC4A003D35B7 /* Debug */,
				FBE225092185CC4A003D35B7 /* Release */,
			);
			defaultConfigurationIsVisible = 0;
			defaultConfigurationName = Release;
		};
		FBE2250A2185CC4A003D35B7 /* Build configuration list for PBXNativeTarget "ZombieConga" */ = {
			isa = XCConfigurationList;
			buildConfigurations = (
				FBE2250B2185CC4A003D35B7 /* Debug */,
				FBE2250C2185CC4A003D35B7 /* Release */,
			);
			defaultConfigurationIsVisible = 0;
			defaultConfigurationName = Release;
		};
/* End XCConfigurationList section */
	};
	rootObject = FBE224EA2185CC49003D35B7 /* Project object */;
}
